// !$*UTF8*$!
{
	archiveVersion = 1;
	classes = {
	};
	objectVersion = 56;
	objects = {

/* Begin PBXBuildFile section */
		40B3CEB32A03916200D733C4 /* CloudKitTrialApp.swift in Sources */ = {isa = PBXBuildFile; fileRef = 40B3CEB22A03916200D733C4 /* CloudKitTrialApp.swift */; };
		40B3CEB52A03916200D733C4 /* ContentView.swift in Sources */ = {isa = PBXBuildFile; fileRef = 40B3CEB42A03916200D733C4 /* ContentView.swift */; };
		40B3CEB72A03916300D733C4 /* Assets.xcassets in Resources */ = {isa = PBXBuildFile; fileRef = 40B3CEB62A03916300D733C4 /* Assets.xcassets */; };
		40B3CEBA2A03916300D733C4 /* Preview Assets.xcassets in Resources */ = {isa = PBXBuildFile; fileRef = 40B3CEB92A03916300D733C4 /* Preview Assets.xcassets */; };
		40B3CEC12A0393D300D733C4 /* .gitignore in Resources */ = {isa = PBXBuildFile; fileRef = 40B3CEC02A0393D300D733C4 /* .gitignore */; };
		40B3CEC62A04D5C600D733C4 /* ItemListing.swift in Sources */ = {isa = PBXBuildFile; fileRef = 40B3CEC52A04D5C600D733C4 /* ItemListing.swift */; };
		40B3CEC92A04D82400D733C4 /* ItemListViewModel.swift in Sources */ = {isa = PBXBuildFile; fileRef = 40B3CEC82A04D82400D733C4 /* ItemListViewModel.swift */; };
/* End PBXBuildFile section */

/* Begin PBXFileReference section */
		40B3CEAF2A03916200D733C4 /* CloudKitTrial.app */ = {isa = PBXFileReference; explicitFileType = wrapper.application; includeInIndex = 0; path = CloudKitTrial.app; sourceTree = BUILT_PRODUCTS_DIR; };
		40B3CEB22A03916200D733C4 /* CloudKitTrialApp.swift */ = {isa = PBXFileReference; lastKnownFileType = sourcecode.swift; path = CloudKitTrialApp.swift; sourceTree = "<group>"; };
		40B3CEB42A03916200D733C4 /* ContentView.swift */ = {isa = PBXFileReference; lastKnownFileType = sourcecode.swift; path = ContentView.swift; sourceTree = "<group>"; };
		40B3CEB62A03916300D733C4 /* Assets.xcassets */ = {isa = PBXFileReference; lastKnownFileType = folder.assetcatalog; path = Assets.xcassets; sourceTree = "<group>"; };
		40B3CEB92A03916300D733C4 /* Preview Assets.xcassets */ = {isa = PBXFileReference; lastKnownFileType = folder.assetcatalog; path = "Preview Assets.xcassets"; sourceTree = "<group>"; };
		40B3CEC02A0393D300D733C4 /* .gitignore */ = {isa = PBXFileReference; fileEncoding = 4; lastKnownFileType = text; path = .gitignore; sourceTree = "<group>"; };
		40B3CEC22A0394EA00D733C4 /* CloudKitTrial.entitlements */ = {isa = PBXFileReference; lastKnownFileType = text.plist.entitlements; path = CloudKitTrial.entitlements; sourceTree = "<group>"; };
		40B3CEC32A04D3ED00D733C4 /* Info.plist */ = {isa = PBXFileReference; lastKnownFileType = text.plist; path = Info.plist; sourceTree = "<group>"; };
		40B3CEC52A04D5C600D733C4 /* ItemListing.swift */ = {isa = PBXFileReference; lastKnownFileType = sourcecode.swift; path = ItemListing.swift; sourceTree = "<group>"; };
		40B3CEC82A04D82400D733C4 /* ItemListViewModel.swift */ = {isa = PBXFileReference; lastKnownFileType = sourcecode.swift; path = ItemListViewModel.swift; sourceTree = "<group>"; };
/* End PBXFileReference section */

/* Begin PBXFrameworksBuildPhase section */
		40B3CEAC2A03916200D733C4 /* Frameworks */ = {
			isa = PBXFrameworksBuildPhase;
			buildActionMask = 2147483647;
			files = (
			);
			runOnlyForDeploymentPostprocessing = 0;
		};
/* End PBXFrameworksBuildPhase section */

/* Begin PBXGroup section */
		40B3CEA62A03916200D733C4 = {
			isa = PBXGroup;
			children = (
				40B3CEC02A0393D300D733C4 /* .gitignore */,
				40B3CEB12A03916200D733C4 /* CloudKitTrial */,
				40B3CEB02A03916200D733C4 /* Products */,
			);
			sourceTree = "<group>";
		};
		40B3CEB02A03916200D733C4 /* Products */ = {
			isa = PBXGroup;
			children = (
				40B3CEAF2A03916200D733C4 /* CloudKitTrial.app */,
			);
			name = Products;
			sourceTree = "<group>";
		};
		40B3CEB12A03916200D733C4 /* CloudKitTrial */ = {
			isa = PBXGroup;
			children = (
				40B3CEC72A04D80700D733C4 /* ViewModel */,
				40B3CEC42A04D59800D733C4 /* Model */,
				40B3CEC32A04D3ED00D733C4 /* Info.plist */,
				40B3CEC22A0394EA00D733C4 /* CloudKitTrial.entitlements */,
				40B3CEB22A03916200D733C4 /* CloudKitTrialApp.swift */,
				40B3CEB42A03916200D733C4 /* ContentView.swift */,
				40B3CEB62A03916300D733C4 /* Assets.xcassets */,
				40B3CEB82A03916300D733C4 /* Preview Content */,
			);
			path = CloudKitTrial;
			sourceTree = "<group>";
		};
		40B3CEB82A03916300D733C4 /* Preview Content */ = {
			isa = PBXGroup;
			children = (
				40B3CEB92A03916300D733C4 /* Preview Assets.xcassets */,
			);
			path = "Preview Content";
			sourceTree = "<group>";
		};
		40B3CEC42A04D59800D733C4 /* Model */ = {
			isa = PBXGroup;
			children = (
				40B3CEC52A04D5C600D733C4 /* ItemListing.swift */,
			);
			path = Model;
			sourceTree = "<group>";
		};
		40B3CEC72A04D80700D733C4 /* ViewModel */ = {
			isa = PBXGroup;
			children = (
				40B3CEC82A04D82400D733C4 /* ItemListViewModel.swift */,
			);
			path = ViewModel;
			sourceTree = "<group>";
		};
/* End PBXGroup section */

/* Begin PBXNativeTarget section */
		40B3CEAE2A03916200D733C4 /* CloudKitTrial */ = {
			isa = PBXNativeTarget;
			buildConfigurationList = 40B3CEBD2A03916300D733C4 /* Build configuration list for PBXNativeTarget "CloudKitTrial" */;
			buildPhases = (
				40B3CEAB2A03916200D733C4 /* Sources */,
				40B3CEAC2A03916200D733C4 /* Frameworks */,
				40B3CEAD2A03916200D733C4 /* Resources */,
			);
			buildRules = (
			);
			dependencies = (
			);
			name = CloudKitTrial;
			productName = CloudKitTrial;
			productReference = 40B3CEAF2A03916200D733C4 /* CloudKitTrial.app */;
			productType = "com.apple.product-type.application";
		};
/* End PBXNativeTarget section */

/* Begin PBXProject section */
		40B3CEA72A03916200D733C4 /* Project object */ = {
			isa = PBXProject;
			attributes = {
				BuildIndependentTargetsInParallel = 1;
				LastSwiftUpdateCheck = 1430;
				LastUpgradeCheck = 1430;
				TargetAttributes = {
					40B3CEAE2A03916200D733C4 = {
						CreatedOnToolsVersion = 14.3;
					};
				};
			};
			buildConfigurationList = 40B3CEAA2A03916200D733C4 /* Build configuration list for PBXProject "CloudKitTrial" */;
			compatibilityVersion = "Xcode 14.0";
			developmentRegion = en;
			hasScannedForEncodings = 0;
			knownRegions = (
				en,
				Base,
			);
			mainGroup = 40B3CEA62A03916200D733C4;
			productRefGroup = 40B3CEB02A03916200D733C4 /* Products */;
			projectDirPath = "";
			projectRoot = "";
			targets = (
				40B3CEAE2A03916200D733C4 /* CloudKitTrial */,
			);
		};
/* End PBXProject section */

/* Begin PBXResourcesBuildPhase section */
		40B3CEAD2A03916200D733C4 /* Resources */ = {
			isa = PBXResourcesBuildPhase;
			buildActionMask = 2147483647;
			files = (
				40B3CEBA2A03916300D733C4 /* Preview Assets.xcassets in Resources */,
				40B3CEC12A0393D300D733C4 /* .gitignore in Resources */,
				40B3CEB72A03916300D733C4 /* Assets.xcassets in Resources */,
			);
			runOnlyForDeploymentPostprocessing = 0;
		};
/* End PBXResourcesBuildPhase section */

/* Begin PBXSourcesBuildPhase section */
		40B3CEAB2A03916200D733C4 /* Sources */ = {
			isa = PBXSourcesBuildPhase;
			buildActionMask = 2147483647;
			files = (
				40B3CEB52A03916200D733C4 /* ContentView.swift in Sources */,
				40B3CEC92A04D82400D733C4 /* ItemListViewModel.swift in Sources */,
				40B3CEC62A04D5C600D733C4 /* ItemListing.swift in Sources */,
				40B3CEB32A03916200D733C4 /* CloudKitTrialApp.swift in Sources */,
			);
			runOnlyForDeploymentPostprocessing = 0;
		};
/* End PBXSourcesBuildPhase section */

/* Begin XCBuildConfiguration section */
		40B3CEBB2A03916300D733C4 /* Debug */ = {
			isa = XCBuildConfiguration;
			buildSettings = {
				ALWAYS_SEARCH_USER_PATHS = NO;
				CLANG_ANALYZER_NONNULL = YES;
				CLANG_ANALYZER_NUMBER_OBJECT_CONVERSION = YES_AGGRESSIVE;
				CLANG_CXX_LANGUAGE_STANDARD = "gnu++20";
				CLANG_ENABLE_MODULES = YES;
				CLANG_ENABLE_OBJC_ARC = YES;
				CLANG_ENABLE_OBJC_WEAK = YES;
				CLANG_WARN_BLOCK_CAPTURE_AUTORELEASING = YES;
				CLANG_WARN_BOOL_CONVERSION = YES;
				CLANG_WARN_COMMA = YES;
				CLANG_WARN_CONSTANT_CONVERSION = YES;
				CLANG_WARN_DEPRECATED_OBJC_IMPLEMENTATIONS = YES;
				CLANG_WARN_DIRECT_OBJC_ISA_USAGE = YES_ERROR;
				CLANG_WARN_DOCUMENTATION_COMMENTS = YES;
				CLANG_WARN_EMPTY_BODY = YES;
				CLANG_WARN_ENUM_CONVERSION = YES;
				CLANG_WARN_INFINITE_RECURSION = YES;
				CLANG_WARN_INT_CONVERSION = YES;
				CLANG_WARN_NON_LITERAL_NULL_CONVERSION = YES;
				CLANG_WARN_OBJC_IMPLICIT_RETAIN_SELF = YES;
				CLANG_WARN_OBJC_LITERAL_CONVERSION = YES;
				CLANG_WARN_OBJC_ROOT_CLASS = YES_ERROR;
				CLANG_WARN_QUOTED_INCLUDE_IN_FRAMEWORK_HEADER = YES;
				CLANG_WARN_RANGE_LOOP_ANALYSIS = YES;
				CLANG_WARN_STRICT_PROTOTYPES = YES;
				CLANG_WARN_SUSPICIOUS_MOVE = YES;
				CLANG_WARN_UNGUARDED_AVAILABILITY = YES_AGGRESSIVE;
				CLANG_WARN_UNREACHABLE_CODE = YES;
				CLANG_WARN__DUPLICATE_METHOD_MATCH = YES;
				COPY_PHASE_STRIP = NO;
				DEBUG_INFORMATION_FORMAT = dwarf;
				ENABLE_STRICT_OBJC_MSGSEND = YES;
				ENABLE_TESTABILITY = YES;
				GCC_C_LANGUAGE_STANDARD = gnu11;
				GCC_DYNAMIC_NO_PIC = NO;
				GCC_NO_COMMON_BLOCKS = YES;
				GCC_OPTIMIZATION_LEVEL = 0;
				GCC_PREPROCESSOR_DEFINITIONS = (
					"DEBUG=1",
					"$(inherited)",
				);
				GCC_WARN_64_TO_32_BIT_CONVERSION = YES;
				GCC_WARN_ABOUT_RETURN_TYPE = YES_ERROR;
				GCC_WARN_UNDECLARED_SELECTOR = YES;
				GCC_WARN_UNINITIALIZED_AUTOS = YES_AGGRESSIVE;
				GCC_WARN_UNUSED_FUNCTION = YES;
				GCC_WARN_UNUSED_VARIABLE = YES;
				IPHONEOS_DEPLOYMENT_TARGET = 16.4;
				MTL_ENABLE_DEBUG_INFO = INCLUDE_SOURCE;
				MTL_FAST_MATH = YES;
				ONLY_ACTIVE_ARCH = YES;
				SDKROOT = iphoneos;
				SWIFT_ACTIVE_COMPILATION_CONDITIONS = DEBUG;
				SWIFT_OPTIMIZATION_LEVEL = "-Onone";
			};
			name = Debug;
		};
		40B3CEBC2A03916300D733C4 /* Release */ = {
			isa = XCBuildConfiguration;
			buildSettings = {
				ALWAYS_SEARCH_USER_PATHS = NO;
				CLANG_ANALYZER_NONNULL = YES;
				CLANG_ANALYZER_NUMBER_OBJECT_CONVERSION = YES_AGGRESSIVE;
				CLANG_CXX_LANGUAGE_STANDARD = "gnu++20";
				CLANG_ENABLE_MODULES = YES;
				CLANG_ENABLE_OBJC_ARC = YES;
				CLANG_ENABLE_OBJC_WEAK = YES;
				CLANG_WARN_BLOCK_CAPTURE_AUTORELEASING = YES;
				CLANG_WARN_BOOL_CONVERSION = YES;
				CLANG_WARN_COMMA = YES;
				CLANG_WARN_CONSTANT_CONVERSION = YES;
				CLANG_WARN_DEPRECATED_OBJC_IMPLEMENTATIONS = YES;
				CLANG_WARN_DIRECT_OBJC_ISA_USAGE = YES_ERROR;
				CLANG_WARN_DOCUMENTATION_COMMENTS = YES;
				CLANG_WARN_EMPTY_BODY = YES;
				CLANG_WARN_ENUM_CONVERSION = YES;
				CLANG_WARN_INFINITE_RECURSION = YES;
				CLANG_WARN_INT_CONVERSION = YES;
				CLANG_WARN_NON_LITERAL_NULL_CONVERSION = YES;
				CLANG_WARN_OBJC_IMPLICIT_RETAIN_SELF = YES;
				CLANG_WARN_OBJC_LITERAL_CONVERSION = YES;
				CLANG_WARN_OBJC_ROOT_CLASS = YES_ERROR;
				CLANG_WARN_QUOTED_INCLUDE_IN_FRAMEWORK_HEADER = YES;
				CLANG_WARN_RANGE_LOOP_ANALYSIS = YES;
				CLANG_WARN_STRICT_PROTOTYPES = YES;
				CLANG_WARN_SUSPICIOUS_MOVE = YES;
				CLANG_WARN_UNGUARDED_AVAILABILITY = YES_AGGRESSIVE;
				CLANG_WARN_UNREACHABLE_CODE = YES;
				CLANG_WARN__DUPLICATE_METHOD_MATCH = YES;
				COPY_PHASE_STRIP = NO;
				DEBUG_INFORMATION_FORMAT = "dwarf-with-dsym";
				ENABLE_NS_ASSERTIONS = NO;
				ENABLE_STRICT_OBJC_MSGSEND = YES;
				GCC_C_LANGUAGE_STANDARD = gnu11;
				GCC_NO_COMMON_BLOCKS = YES;
				GCC_WARN_64_TO_32_BIT_CONVERSION = YES;
				GCC_WARN_ABOUT_RETURN_TYPE = YES_ERROR;
				GCC_WARN_UNDECLARED_SELECTOR = YES;
				GCC_WARN_UNINITIALIZED_AUTOS = YES_AGGRESSIVE;
				GCC_WARN_UNUSED_FUNCTION = YES;
				GCC_WARN_UNUSED_VARIABLE = YES;
				IPHONEOS_DEPLOYMENT_TARGET = 16.4;
				MTL_ENABLE_DEBUG_INFO = NO;
				MTL_FAST_MATH = YES;
				SDKROOT = iphoneos;
				SWIFT_COMPILATION_MODE = wholemodule;
				SWIFT_OPTIMIZATION_LEVEL = "-O";
				VALIDATE_PRODUCT = YES;
			};
			name = Release;
		};
		40B3CEBE2A03916300D733C4 /* Debug */ = {
			isa = XCBuildConfiguration;
			buildSettings = {
				ASSETCATALOG_COMPILER_APPICON_NAME = AppIcon;
				ASSETCATALOG_COMPILER_GLOBAL_ACCENT_COLOR_NAME = AccentColor;
				CODE_SIGN_ENTITLEMENTS = CloudKitTrial/CloudKitTrial.entitlements;
				CODE_SIGN_STYLE = Automatic;
				CURRENT_PROJECT_VERSION = 1;
				DEVELOPMENT_ASSET_PATHS = "\"CloudKitTrial/Preview Content\"";
				DEVELOPMENT_TEAM = M8JXU75248;
				ENABLE_PREVIEWS = YES;
				GENERATE_INFOPLIST_FILE = YES;
				INFOPLIST_FILE = CloudKitTrial/Info.plist;
				INFOPLIST_KEY_UIApplicationSceneManifest_Generation = YES;
				INFOPLIST_KEY_UIApplicationSupportsIndirectInputEvents = YES;
				INFOPLIST_KEY_UILaunchScreen_Generation = YES;
				INFOPLIST_KEY_UISupportedInterfaceOrientations_iPad = "UIInterfaceOrientationPortrait UIInterfaceOrientationPortraitUpsideDown UIInterfaceOrientationLandscapeLeft UIInterfaceOrientationLandscapeRight";
				INFOPLIST_KEY_UISupportedInterfaceOrientations_iPhone = "UIInterfaceOrientationPortrait UIInterfaceOrientationLandscapeLeft UIInterfaceOrientationLandscapeRight";
				LD_RUNPATH_SEARCH_PATHS = (
					"$(inherited)",
					"@executable_path/Frameworks",
				);
				MARKETING_VERSION = 1.0;
				PRODUCT_BUNDLE_IDENTIFIER = com.ung.CloudKitTrial;
				PRODUCT_NAME = "$(TARGET_NAME)";
				SWIFT_EMIT_LOC_STRINGS = YES;
				SWIFT_VERSION = 5.0;
				TARGETED_DEVICE_FAMILY = "1,2";
			};
			name = Debug;
		};
		40B3CEBF2A03916300D733C4 /* Release */ = {
			isa = XCBuildConfiguration;
			buildSettings = {
				ASSETCATALOG_COMPILER_APPICON_NAME = AppIcon;
				ASSETCATALOG_COMPILER_GLOBAL_ACCENT_COLOR_NAME = AccentColor;
				CODE_SIGN_ENTITLEMENTS = CloudKitTrial/CloudKitTrial.entitlements;
				CODE_SIGN_STYLE = Automatic;
				CURRENT_PROJECT_VERSION = 1;
				DEVELOPMENT_ASSET_PATHS = "\"CloudKitTrial/Preview Content\"";
				DEVELOPMENT_TEAM = M8JXU75248;
				ENABLE_PREVIEWS = YES;
				GENERATE_INFOPLIST_FILE = YES;
				INFOPLIST_FILE = CloudKitTrial/Info.plist;
				INFOPLIST_KEY_UIApplicationSceneManifest_Generation = YES;
				INFOPLIST_KEY_UIApplicationSupportsIndirectInputEvents = YES;
				INFOPLIST_KEY_UILaunchScreen_Generation = YES;
				INFOPLIST_KEY_UISupportedInterfaceOrientations_iPad = "UIInterfaceOrientationPortrait UIInterfaceOrientationPortraitUpsideDown UIInterfaceOrientationLandscapeLeft UIInterfaceOrientationLandscapeRight";
				INFOPLIST_KEY_UISupportedInterfaceOrientations_iPhone = "UIInterfaceOrientationPortrait UIInterfaceOrientationLandscapeLeft UIInterfaceOrientationLandscapeRight";
				LD_RUNPATH_SEARCH_PATHS = (
					"$(inherited)",
					"@executable_path/Frameworks",
				);
				MARKETING_VERSION = 1.0;
				PRODUCT_BUNDLE_IDENTIFIER = com.ung.CloudKitTrial;
				PRODUCT_NAME = "$(TARGET_NAME)";
				SWIFT_EMIT_LOC_STRINGS = YES;
				SWIFT_VERSION = 5.0;
				TARGETED_DEVICE_FAMILY = "1,2";
			};
			name = Release;
		};
/* End XCBuildConfiguration section */

/* Begin XCConfigurationList section */
		40B3CEAA2A03916200D733C4 /* Build configuration list for PBXProject "CloudKitTrial" */ = {
			isa = XCConfigurationList;
			buildConfigurations = (
				40B3CEBB2A03916300D733C4 /* Debug */,
				40B3CEBC2A03916300D733C4 /* Release */,
			);
			defaultConfigurationIsVisible = 0;
			defaultConfigurationName = Release;
		};
		40B3CEBD2A03916300D733C4 /* Build configuration list for PBXNativeTarget "CloudKitTrial" */ = {
			isa = XCConfigurationList;
			buildConfigurations = (
				40B3CEBE2A03916300D733C4 /* Debug */,
				40B3CEBF2A03916300D733C4 /* Release */,
			);
			defaultConfigurationIsVisible = 0;
			defaultConfigurationName = Release;
		};
/* End XCConfigurationList section */
	};
	rootObject = 40B3CEA72A03916200D733C4 /* Project object */;
}
